
Microsoft Visual Studio Solution File, Format Version 12.00
# Visual Studio Version 17
VisualStudioVersion = 17.5.002.0
MinimumVisualStudioVersion = 10.0.40219.1
Project("{9A19103F-16F7-4668-BE54-9A1E7A4F7556}") = "LeaoZebra", "LeaoZebra.csproj", "{90C6CC5D-4594-45CA-BDD2-BEE3E0BF9085}"
EndProject
Global
	GlobalSection(SolutionConfigurationPlatforms) = preSolution
		Debug|Any CPU = Debug|Any CPU
		Release|Any CPU = Release|Any CPU
	EndGlobalSection
	GlobalSection(ProjectConfigurationPlatforms) = postSolution
		{90C6CC5D-4594-45CA-BDD2-BEE3E0BF9085}.Debug|Any CPU.ActiveCfg = Debug|Any CPU
		{90C6CC5D-4594-45CA-BDD2-BEE3E0BF9085}.Debug|Any CPU.Build.0 = Debug|Any CPU
		{90C6CC5D-4594-45CA-BDD2-BEE3E0BF9085}.Release|Any CPU.ActiveCfg = Release|Any CPU
		{90C6CC5D-4594-45CA-BDD2-BEE3E0BF9085}.Release|Any CPU.Build.0 = Release|Any CPU
	EndGlobalSection
	GlobalSection(SolutionProperties) = preSolution
		HideSolutionNode = FALSE
	EndGlobalSection
	GlobalSection(ExtensibilityGlobals) = postSolution
		SolutionGuid = {DD4F99C2-416E-4868-BBAD-BFEA8AC14605}
	EndGlobalSection
EndGlobal
